// !$*UTF8*$!
{
	archiveVersion = 1;
	classes = {
	};
	objectVersion = 56;
	objects = {

/* Begin PBXBuildFile section */
		6F57FACA298539B400A3EC78 /* RecipeSaverApp.swift in Sources */ = {isa = PBXBuildFile; fileRef = 6F57FAC9298539B400A3EC78 /* RecipeSaverApp.swift */; };
		6F57FACC298539B400A3EC78 /* ContentView.swift in Sources */ = {isa = PBXBuildFile; fileRef = 6F57FACB298539B400A3EC78 /* ContentView.swift */; };
		6F57FACE298539B500A3EC78 /* Assets.xcassets in Resources */ = {isa = PBXBuildFile; fileRef = 6F57FACD298539B500A3EC78 /* Assets.xcassets */; };
		6F57FAD1298539B500A3EC78 /* Preview Assets.xcassets in Resources */ = {isa = PBXBuildFile; fileRef = 6F57FAD0298539B500A3EC78 /* Preview Assets.xcassets */; };
		6F57FADE29853B5D00A3EC78 /* HomeView.swift in Sources */ = {isa = PBXBuildFile; fileRef = 6F57FADD29853B5D00A3EC78 /* HomeView.swift */; };
		6F57FAE029853B7100A3EC78 /* CategoriesView.swift in Sources */ = {isa = PBXBuildFile; fileRef = 6F57FADF29853B7100A3EC78 /* CategoriesView.swift */; };
		6F57FAE229853B8600A3EC78 /* NewRecipeView.swift in Sources */ = {isa = PBXBuildFile; fileRef = 6F57FAE129853B8600A3EC78 /* NewRecipeView.swift */; };
		6F57FAE429853B9800A3EC78 /* FavoritesView.swift in Sources */ = {isa = PBXBuildFile; fileRef = 6F57FAE329853B9800A3EC78 /* FavoritesView.swift */; };
		6F57FAE629853BAB00A3EC78 /* SettingsView.swift in Sources */ = {isa = PBXBuildFile; fileRef = 6F57FAE529853BAB00A3EC78 /* SettingsView.swift */; };
		6F57FAE829853E1D00A3EC78 /* TabBar.swift in Sources */ = {isa = PBXBuildFile; fileRef = 6F57FAE729853E1D00A3EC78 /* TabBar.swift */; };
		6F57FAEA298540F100A3EC78 /* RecipeModel.swift in Sources */ = {isa = PBXBuildFile; fileRef = 6F57FAE9298540F100A3EC78 /* RecipeModel.swift */; };
		6F57FAEC298548EC00A3EC78 /* RecipeCard.swift in Sources */ = {isa = PBXBuildFile; fileRef = 6F57FAEB298548EC00A3EC78 /* RecipeCard.swift */; };
		6F57FAEE2985506700A3EC78 /* RecipeList.swift in Sources */ = {isa = PBXBuildFile; fileRef = 6F57FAED2985506700A3EC78 /* RecipeList.swift */; };
		6F57FAF0298556E300A3EC78 /* RecipeView.swift in Sources */ = {isa = PBXBuildFile; fileRef = 6F57FAEF298556E300A3EC78 /* RecipeView.swift */; };
		6F57FAF22985606D00A3EC78 /* CategoryView.swift in Sources */ = {isa = PBXBuildFile; fileRef = 6F57FAF12985606D00A3EC78 /* CategoryView.swift */; };
		6F57FAF42986C73C00A3EC78 /* AddRecipeView.swift in Sources */ = {isa = PBXBuildFile; fileRef = 6F57FAF32986C73C00A3EC78 /* AddRecipeView.swift */; };
		6F57FAF62986D7C800A3EC78 /* RecipesViewModel.swift in Sources */ = {isa = PBXBuildFile; fileRef = 6F57FAF52986D7C800A3EC78 /* RecipesViewModel.swift */; };
/* End PBXBuildFile section */

/* Begin PBXFileReference section */
		6F57FAC6298539B400A3EC78 /* RecipeSaver.app */ = {isa = PBXFileReference; explicitFileType = wrapper.application; includeInIndex = 0; path = RecipeSaver.app; sourceTree = BUILT_PRODUCTS_DIR; };
		6F57FAC9298539B400A3EC78 /* RecipeSaverApp.swift */ = {isa = PBXFileReference; lastKnownFileType = sourcecode.swift; path = RecipeSaverApp.swift; sourceTree = "<group>"; };
		6F57FACB298539B400A3EC78 /* ContentView.swift */ = {isa = PBXFileReference; lastKnownFileType = sourcecode.swift; path = ContentView.swift; sourceTree = "<group>"; };
		6F57FACD298539B500A3EC78 /* Assets.xcassets */ = {isa = PBXFileReference; lastKnownFileType = folder.assetcatalog; path = Assets.xcassets; sourceTree = "<group>"; };
		6F57FAD0298539B500A3EC78 /* Preview Assets.xcassets */ = {isa = PBXFileReference; lastKnownFileType = folder.assetcatalog; path = "Preview Assets.xcassets"; sourceTree = "<group>"; };
		6F57FADD29853B5D00A3EC78 /* HomeView.swift */ = {isa = PBXFileReference; lastKnownFileType = sourcecode.swift; path = HomeView.swift; sourceTree = "<group>"; };
		6F57FADF29853B7100A3EC78 /* CategoriesView.swift */ = {isa = PBXFileReference; lastKnownFileType = sourcecode.swift; path = CategoriesView.swift; sourceTree = "<group>"; };
		6F57FAE129853B8600A3EC78 /* NewRecipeView.swift */ = {isa = PBXFileReference; lastKnownFileType = sourcecode.swift; path = NewRecipeView.swift; sourceTree = "<group>"; };
		6F57FAE329853B9800A3EC78 /* FavoritesView.swift */ = {isa = PBXFileReference; lastKnownFileType = sourcecode.swift; path = FavoritesView.swift; sourceTree = "<group>"; };
		6F57FAE529853BAB00A3EC78 /* SettingsView.swift */ = {isa = PBXFileReference; lastKnownFileType = sourcecode.swift; path = SettingsView.swift; sourceTree = "<group>"; };
		6F57FAE729853E1D00A3EC78 /* TabBar.swift */ = {isa = PBXFileReference; lastKnownFileType = sourcecode.swift; path = TabBar.swift; sourceTree = "<group>"; };
		6F57FAE9298540F100A3EC78 /* RecipeModel.swift */ = {isa = PBXFileReference; lastKnownFileType = sourcecode.swift; path = RecipeModel.swift; sourceTree = "<group>"; };
		6F57FAEB298548EC00A3EC78 /* RecipeCard.swift */ = {isa = PBXFileReference; lastKnownFileType = sourcecode.swift; path = RecipeCard.swift; sourceTree = "<group>"; };
		6F57FAED2985506700A3EC78 /* RecipeList.swift */ = {isa = PBXFileReference; lastKnownFileType = sourcecode.swift; path = RecipeList.swift; sourceTree = "<group>"; };
		6F57FAEF298556E300A3EC78 /* RecipeView.swift */ = {isa = PBXFileReference; lastKnownFileType = sourcecode.swift; path = RecipeView.swift; sourceTree = "<group>"; };
		6F57FAF12985606D00A3EC78 /* CategoryView.swift */ = {isa = PBXFileReference; lastKnownFileType = sourcecode.swift; path = CategoryView.swift; sourceTree = "<group>"; };
		6F57FAF32986C73C00A3EC78 /* AddRecipeView.swift */ = {isa = PBXFileReference; lastKnownFileType = sourcecode.swift; path = AddRecipeView.swift; sourceTree = "<group>"; };
		6F57FAF52986D7C800A3EC78 /* RecipesViewModel.swift */ = {isa = PBXFileReference; lastKnownFileType = sourcecode.swift; path = RecipesViewModel.swift; sourceTree = "<group>"; };
/* End PBXFileReference section */

/* Begin PBXFrameworksBuildPhase section */
		6F57FAC3298539B400A3EC78 /* Frameworks */ = {
			isa = PBXFrameworksBuildPhase;
			buildActionMask = 2147483647;
			files = (
			);
			runOnlyForDeploymentPostprocessing = 0;
		};
/* End PBXFrameworksBuildPhase section */

/* Begin PBXGroup section */
		6F57FABD298539B400A3EC78 = {
			isa = PBXGroup;
			children = (
				6F57FAC8298539B400A3EC78 /* RecipeSaver */,
				6F57FAC7298539B400A3EC78 /* Products */,
			);
			sourceTree = "<group>";
		};
		6F57FAC7298539B400A3EC78 /* Products */ = {
			isa = PBXGroup;
			children = (
				6F57FAC6298539B400A3EC78 /* RecipeSaver.app */,
			);
			name = Products;
			sourceTree = "<group>";
		};
		6F57FAC8298539B400A3EC78 /* RecipeSaver */ = {
			isa = PBXGroup;
			children = (
				6F57FAC9298539B400A3EC78 /* RecipeSaverApp.swift */,
				6F57FAD729853A1000A3EC78 /* Views */,
				6F57FADB29853A9D00A3EC78 /* ViewModels */,
				6F57FADC29853AAB00A3EC78 /* Models */,
				6F57FACD298539B500A3EC78 /* Assets.xcassets */,
				6F57FACF298539B500A3EC78 /* Preview Content */,
			);
			path = RecipeSaver;
			sourceTree = "<group>";
		};
		6F57FACF298539B500A3EC78 /* Preview Content */ = {
			isa = PBXGroup;
			children = (
				6F57FAD0298539B500A3EC78 /* Preview Assets.xcassets */,
			);
			path = "Preview Content";
			sourceTree = "<group>";
		};
		6F57FAD729853A1000A3EC78 /* Views */ = {
			isa = PBXGroup;
			children = (
				6F57FAD829853A2400A3EC78 /* Main */,
				6F57FAD929853A5E00A3EC78 /* Detail */,
				6F57FADA29853A6B00A3EC78 /* Components */,
			);
			path = Views;
			sourceTree = "<group>";
		};
		6F57FAD829853A2400A3EC78 /* Main */ = {
			isa = PBXGroup;
			children = (
				6F57FACB298539B400A3EC78 /* ContentView.swift */,
				6F57FAE729853E1D00A3EC78 /* TabBar.swift */,
				6F57FADD29853B5D00A3EC78 /* HomeView.swift */,
				6F57FADF29853B7100A3EC78 /* CategoriesView.swift */,
				6F57FAE129853B8600A3EC78 /* NewRecipeView.swift */,
				6F57FAE329853B9800A3EC78 /* FavoritesView.swift */,
				6F57FAE529853BAB00A3EC78 /* SettingsView.swift */,
			);
			path = Main;
			sourceTree = "<group>";
		};
		6F57FAD929853A5E00A3EC78 /* Detail */ = {
			isa = PBXGroup;
			children = (
				6F57FAEF298556E300A3EC78 /* RecipeView.swift */,
				6F57FAF12985606D00A3EC78 /* CategoryView.swift */,
				6F57FAF32986C73C00A3EC78 /* AddRecipeView.swift */,
			);
			path = Detail;
			sourceTree = "<group>";
		};
		6F57FADA29853A6B00A3EC78 /* Components */ = {
			isa = PBXGroup;
			children = (
				6F57FAEB298548EC00A3EC78 /* RecipeCard.swift */,
				6F57FAED2985506700A3EC78 /* RecipeList.swift */,
			);
			path = Components;
			sourceTree = "<group>";
		};
		6F57FADB29853A9D00A3EC78 /* ViewModels */ = {
			isa = PBXGroup;
			children = (
				6F57FAF52986D7C800A3EC78 /* RecipesViewModel.swift */,
			);
			path = ViewModels;
			sourceTree = "<group>";
		};
		6F57FADC29853AAB00A3EC78 /* Models */ = {
			isa = PBXGroup;
			children = (
				6F57FAE9298540F100A3EC78 /* RecipeModel.swift */,
			);
			path = Models;
			sourceTree = "<group>";
		};
/* End PBXGroup section */

/* Begin PBXNativeTarget section */
		6F57FAC5298539B400A3EC78 /* RecipeSaver */ = {
			isa = PBXNativeTarget;
			buildConfigurationList = 6F57FAD4298539B500A3EC78 /* Build configuration list for PBXNativeTarget "RecipeSaver" */;
			buildPhases = (
				6F57FAC2298539B400A3EC78 /* Sources */,
				6F57FAC3298539B400A3EC78 /* Frameworks */,
				6F57FAC4298539B400A3EC78 /* Resources */,
			);
			buildRules = (
			);
			dependencies = (
			);
			name = RecipeSaver;
			productName = RecipeSaver;
			productReference = 6F57FAC6298539B400A3EC78 /* RecipeSaver.app */;
			productType = "com.apple.product-type.application";
		};
/* End PBXNativeTarget section */

/* Begin PBXProject section */
		6F57FABE298539B400A3EC78 /* Project object */ = {
			isa = PBXProject;
			attributes = {
				BuildIndependentTargetsInParallel = 1;
				LastSwiftUpdateCheck = 1420;
				LastUpgradeCheck = 1420;
				TargetAttributes = {
					6F57FAC5298539B400A3EC78 = {
						CreatedOnToolsVersion = 14.2;
					};
				};
			};
			buildConfigurationList = 6F57FAC1298539B400A3EC78 /* Build configuration list for PBXProject "RecipeSaver" */;
			compatibilityVersion = "Xcode 14.0";
			developmentRegion = en;
			hasScannedForEncodings = 0;
			knownRegions = (
				en,
				Base,
			);
			mainGroup = 6F57FABD298539B400A3EC78;
			productRefGroup = 6F57FAC7298539B400A3EC78 /* Products */;
			projectDirPath = "";
			projectRoot = "";
			targets = (
				6F57FAC5298539B400A3EC78 /* RecipeSaver */,
			);
		};
/* End PBXProject section */

/* Begin PBXResourcesBuildPhase section */
		6F57FAC4298539B400A3EC78 /* Resources */ = {
			isa = PBXResourcesBuildPhase;
			buildActionMask = 2147483647;
			files = (
				6F57FAD1298539B500A3EC78 /* Preview Assets.xcassets in Resources */,
				6F57FACE298539B500A3EC78 /* Assets.xcassets in Resources */,
			);
			runOnlyForDeploymentPostprocessing = 0;
		};
/* End PBXResourcesBuildPhase section */

/* Begin PBXSourcesBuildPhase section */
		6F57FAC2298539B400A3EC78 /* Sources */ = {
			isa = PBXSourcesBuildPhase;
			buildActionMask = 2147483647;
			files = (
				6F57FAE629853BAB00A3EC78 /* SettingsView.swift in Sources */,
				6F57FAF42986C73C00A3EC78 /* AddRecipeView.swift in Sources */,
				6F57FAEC298548EC00A3EC78 /* RecipeCard.swift in Sources */,
				6F57FAE029853B7100A3EC78 /* CategoriesView.swift in Sources */,
				6F57FAE229853B8600A3EC78 /* NewRecipeView.swift in Sources */,
				6F57FAE829853E1D00A3EC78 /* TabBar.swift in Sources */,
				6F57FAF22985606D00A3EC78 /* CategoryView.swift in Sources */,
				6F57FAE429853B9800A3EC78 /* FavoritesView.swift in Sources */,
				6F57FAF0298556E300A3EC78 /* RecipeView.swift in Sources */,
				6F57FAEE2985506700A3EC78 /* RecipeList.swift in Sources */,
				6F57FADE29853B5D00A3EC78 /* HomeView.swift in Sources */,
				6F57FACC298539B400A3EC78 /* ContentView.swift in Sources */,
				6F57FAF62986D7C800A3EC78 /* RecipesViewModel.swift in Sources */,
				6F57FACA298539B400A3EC78 /* RecipeSaverApp.swift in Sources */,
				6F57FAEA298540F100A3EC78 /* RecipeModel.swift in Sources */,
			);
			runOnlyForDeploymentPostprocessing = 0;
		};
/* End PBXSourcesBuildPhase section */

/* Begin XCBuildConfiguration section */
		6F57FAD2298539B500A3EC78 /* Debug */ = {
			isa = XCBuildConfiguration;
			buildSettings = {
				ALWAYS_SEARCH_USER_PATHS = NO;
				CLANG_ANALYZER_NONNULL = YES;
				CLANG_ANALYZER_NUMBER_OBJECT_CONVERSION = YES_AGGRESSIVE;
				CLANG_CXX_LANGUAGE_STANDARD = "gnu++20";
				CLANG_ENABLE_MODULES = YES;
				CLANG_ENABLE_OBJC_ARC = YES;
				CLANG_ENABLE_OBJC_WEAK = YES;
				CLANG_WARN_BLOCK_CAPTURE_AUTORELEASING = YES;
				CLANG_WARN_BOOL_CONVERSION = YES;
				CLANG_WARN_COMMA = YES;
				CLANG_WARN_CONSTANT_CONVERSION = YES;
				CLANG_WARN_DEPRECATED_OBJC_IMPLEMENTATIONS = YES;
				CLANG_WARN_DIRECT_OBJC_ISA_USAGE = YES_ERROR;
				CLANG_WARN_DOCUMENTATION_COMMENTS = YES;
				CLANG_WARN_EMPTY_BODY = YES;
				CLANG_WARN_ENUM_CONVERSION = YES;
				CLANG_WARN_INFINITE_RECURSION = YES;
				CLANG_WARN_INT_CONVERSION = YES;
				CLANG_WARN_NON_LITERAL_NULL_CONVERSION = YES;
				CLANG_WARN_OBJC_IMPLICIT_RETAIN_SELF = YES;
				CLANG_WARN_OBJC_LITERAL_CONVERSION = YES;
				CLANG_WARN_OBJC_ROOT_CLASS = YES_ERROR;
				CLANG_WARN_QUOTED_INCLUDE_IN_FRAMEWORK_HEADER = YES;
				CLANG_WARN_RANGE_LOOP_ANALYSIS = YES;
				CLANG_WARN_STRICT_PROTOTYPES = YES;
				CLANG_WARN_SUSPICIOUS_MOVE = YES;
				CLANG_WARN_UNGUARDED_AVAILABILITY = YES_AGGRESSIVE;
				CLANG_WARN_UNREACHABLE_CODE = YES;
				CLANG_WARN__DUPLICATE_METHOD_MATCH = YES;
				COPY_PHASE_STRIP = NO;
				DEBUG_INFORMATION_FORMAT = dwarf;
				ENABLE_STRICT_OBJC_MSGSEND = YES;
				ENABLE_TESTABILITY = YES;
				GCC_C_LANGUAGE_STANDARD = gnu11;
				GCC_DYNAMIC_NO_PIC = NO;
				GCC_NO_COMMON_BLOCKS = YES;
				GCC_OPTIMIZATION_LEVEL = 0;
				GCC_PREPROCESSOR_DEFINITIONS = (
					"DEBUG=1",
					"$(inherited)",
				);
				GCC_WARN_64_TO_32_BIT_CONVERSION = YES;
				GCC_WARN_ABOUT_RETURN_TYPE = YES_ERROR;
				GCC_WARN_UNDECLARED_SELECTOR = YES;
				GCC_WARN_UNINITIALIZED_AUTOS = YES_AGGRESSIVE;
				GCC_WARN_UNUSED_FUNCTION = YES;
				GCC_WARN_UNUSED_VARIABLE = YES;
				IPHONEOS_DEPLOYMENT_TARGET = 16.2;
				MTL_ENABLE_DEBUG_INFO = INCLUDE_SOURCE;
				MTL_FAST_MATH = YES;
				ONLY_ACTIVE_ARCH = YES;
				SDKROOT = iphoneos;
				SWIFT_ACTIVE_COMPILATION_CONDITIONS = DEBUG;
				SWIFT_OPTIMIZATION_LEVEL = "-Onone";
			};
			name = Debug;
		};
		6F57FAD3298539B500A3EC78 /* Release */ = {
			isa = XCBuildConfiguration;
			buildSettings = {
				ALWAYS_SEARCH_USER_PATHS = NO;
				CLANG_ANALYZER_NONNULL = YES;
				CLANG_ANALYZER_NUMBER_OBJECT_CONVERSION = YES_AGGRESSIVE;
				CLANG_CXX_LANGUAGE_STANDARD = "gnu++20";
				CLANG_ENABLE_MODULES = YES;
				CLANG_ENABLE_OBJC_ARC = YES;
				CLANG_ENABLE_OBJC_WEAK = YES;
				CLANG_WARN_BLOCK_CAPTURE_AUTORELEASING = YES;
				CLANG_WARN_BOOL_CONVERSION = YES;
				CLANG_WARN_COMMA = YES;
				CLANG_WARN_CONSTANT_CONVERSION = YES;
				CLANG_WARN_DEPRECATED_OBJC_IMPLEMENTATIONS = YES;
				CLANG_WARN_DIRECT_OBJC_ISA_USAGE = YES_ERROR;
				CLANG_WARN_DOCUMENTATION_COMMENTS = YES;
				CLANG_WARN_EMPTY_BODY = YES;
				CLANG_WARN_ENUM_CONVERSION = YES;
				CLANG_WARN_INFINITE_RECURSION = YES;
				CLANG_WARN_INT_CONVERSION = YES;
				CLANG_WARN_NON_LITERAL_NULL_CONVERSION = YES;
				CLANG_WARN_OBJC_IMPLICIT_RETAIN_SELF = YES;
				CLANG_WARN_OBJC_LITERAL_CONVERSION = YES;
				CLANG_WARN_OBJC_ROOT_CLASS = YES_ERROR;
				CLANG_WARN_QUOTED_INCLUDE_IN_FRAMEWORK_HEADER = YES;
				CLANG_WARN_RANGE_LOOP_ANALYSIS = YES;
				CLANG_WARN_STRICT_PROTOTYPES = YES;
				CLANG_WARN_SUSPICIOUS_MOVE = YES;
				CLANG_WARN_UNGUARDED_AVAILABILITY = YES_AGGRESSIVE;
				CLANG_WARN_UNREACHABLE_CODE = YES;
				CLANG_WARN__DUPLICATE_METHOD_MATCH = YES;
				COPY_PHASE_STRIP = NO;
				DEBUG_INFORMATION_FORMAT = "dwarf-with-dsym";
				ENABLE_NS_ASSERTIONS = NO;
				ENABLE_STRICT_OBJC_MSGSEND = YES;
				GCC_C_LANGUAGE_STANDARD = gnu11;
				GCC_NO_COMMON_BLOCKS = YES;
				GCC_WARN_64_TO_32_BIT_CONVERSION = YES;
				GCC_WARN_ABOUT_RETURN_TYPE = YES_ERROR;
				GCC_WARN_UNDECLARED_SELECTOR = YES;
				GCC_WARN_UNINITIALIZED_AUTOS = YES_AGGRESSIVE;
				GCC_WARN_UNUSED_FUNCTION = YES;
				GCC_WARN_UNUSED_VARIABLE = YES;
				IPHONEOS_DEPLOYMENT_TARGET = 16.2;
				MTL_ENABLE_DEBUG_INFO = NO;
				MTL_FAST_MATH = YES;
				SDKROOT = iphoneos;
				SWIFT_COMPILATION_MODE = wholemodule;
				SWIFT_OPTIMIZATION_LEVEL = "-O";
				VALIDATE_PRODUCT = YES;
			};
			name = Release;
		};
		6F57FAD5298539B500A3EC78 /* Debug */ = {
			isa = XCBuildConfiguration;
			buildSettings = {
				ASSETCATALOG_COMPILER_APPICON_NAME = AppIcon;
				ASSETCATALOG_COMPILER_GLOBAL_ACCENT_COLOR_NAME = AccentColor;
				CODE_SIGN_STYLE = Automatic;
				CURRENT_PROJECT_VERSION = 1;
				DEVELOPMENT_ASSET_PATHS = "\"RecipeSaver/Preview Content\"";
				ENABLE_PREVIEWS = YES;
				GENERATE_INFOPLIST_FILE = YES;
				INFOPLIST_KEY_UIApplicationSceneManifest_Generation = YES;
				INFOPLIST_KEY_UIApplicationSupportsIndirectInputEvents = YES;
				INFOPLIST_KEY_UILaunchScreen_Generation = YES;
				INFOPLIST_KEY_UISupportedInterfaceOrientations_iPad = "UIInterfaceOrientationPortrait UIInterfaceOrientationPortraitUpsideDown UIInterfaceOrientationLandscapeLeft UIInterfaceOrientationLandscapeRight";
				INFOPLIST_KEY_UISupportedInterfaceOrientations_iPhone = "UIInterfaceOrientationPortrait UIInterfaceOrientationLandscapeLeft UIInterfaceOrientationLandscapeRight";
				LD_RUNPATH_SEARCH_PATHS = (
					"$(inherited)",
					"@executable_path/Frameworks",
				);
				MARKETING_VERSION = 1.0;
				PRODUCT_BUNDLE_IDENTIFIER = akrivdin.RecipeSaver;
				PRODUCT_NAME = "$(TARGET_NAME)";
				SWIFT_EMIT_LOC_STRINGS = YES;
				SWIFT_VERSION = 5.0;
				TARGETED_DEVICE_FAMILY = "1,2";
			};
			name = Debug;
		};
		6F57FAD6298539B500A3EC78 /* Release */ = {
			isa = XCBuildConfiguration;
			buildSettings = {
				ASSETCATALOG_COMPILER_APPICON_NAME = AppIcon;
				ASSETCATALOG_COMPILER_GLOBAL_ACCENT_COLOR_NAME = AccentColor;
				CODE_SIGN_STYLE = Automatic;
				CURRENT_PROJECT_VERSION = 1;
				DEVELOPMENT_ASSET_PATHS = "\"RecipeSaver/Preview Content\"";
				ENABLE_PREVIEWS = YES;
				GENERATE_INFOPLIST_FILE = YES;
				INFOPLIST_KEY_UIApplicationSceneManifest_Generation = YES;
				INFOPLIST_KEY_UIApplicationSupportsIndirectInputEvents = YES;
				INFOPLIST_KEY_UILaunchScreen_Generation = YES;
				INFOPLIST_KEY_UISupportedInterfaceOrientations_iPad = "UIInterfaceOrientationPortrait UIInterfaceOrientationPortraitUpsideDown UIInterfaceOrientationLandscapeLeft UIInterfaceOrientationLandscapeRight";
				INFOPLIST_KEY_UISupportedInterfaceOrientations_iPhone = "UIInterfaceOrientationPortrait UIInterfaceOrientationLandscapeLeft UIInterfaceOrientationLandscapeRight";
				LD_RUNPATH_SEARCH_PATHS = (
					"$(inherited)",
					"@executable_path/Frameworks",
				);
				MARKETING_VERSION = 1.0;
				PRODUCT_BUNDLE_IDENTIFIER = akrivdin.RecipeSaver;
				PRODUCT_NAME = "$(TARGET_NAME)";
				SWIFT_EMIT_LOC_STRINGS = YES;
				SWIFT_VERSION = 5.0;
				TARGETED_DEVICE_FAMILY = "1,2";
			};
			name = Release;
		};
/* End XCBuildConfiguration section */

/* Begin XCConfigurationList section */
		6F57FAC1298539B400A3EC78 /* Build configuration list for PBXProject "RecipeSaver" */ = {
			isa = XCConfigurationList;
			buildConfigurations = (
				6F57FAD2298539B500A3EC78 /* Debug */,
				6F57FAD3298539B500A3EC78 /* Release */,
			);
			defaultConfigurationIsVisible = 0;
			defaultConfigurationName = Release;
		};
		6F57FAD4298539B500A3EC78 /* Build configuration list for PBXNativeTarget "RecipeSaver" */ = {
			isa = XCConfigurationList;
			buildConfigurations = (
				6F57FAD5298539B500A3EC78 /* Debug */,
				6F57FAD6298539B500A3EC78 /* Release */,
			);
			defaultConfigurationIsVisible = 0;
			defaultConfigurationName = Release;
		};
/* End XCConfigurationList section */
	};
	rootObject = 6F57FABE298539B400A3EC78 /* Project object */;
}
